
Microsoft Visual Studio Solution File, Format Version 12.00
# Visual Studio Version 17
VisualStudioVersion = 17.4.33110.190
MinimumVisualStudioVersion = 10.0.40219.1
Project("{FAE04EC0-301F-11D3-BF4B-00C04F79EFBC}") = "TicTacToe", "TicTacToe\TicTacToe.csproj", "{B3C1997D-0D6E-44B1-8DF1-77FF1AC3927B}"
EndProject
Project("{FAE04EC0-301F-11D3-BF4B-00C04F79EFBC}") = "TicTacToeLib", "TicTacToeLib\TicTacToeLib.csproj", "{A9D568BF-6014-4A37-BBC0-F44BB3F60E69}"
EndProject
Global
	GlobalSection(SolutionConfigurationPlatforms) = preSolution
		Debug|Any CPU = Debug|Any CPU
		Release|Any CPU = Release|Any CPU
	EndGlobalSection
	GlobalSection(ProjectConfigurationPlatforms) = postSolution
		{B3C1997D-0D6E-44B1-8DF1-77FF1AC3927B}.Debug|Any CPU.ActiveCfg = Debug|Any CPU
		{B3C1997D-0D6E-44B1-8DF1-77FF1AC3927B}.Debug|Any CPU.Build.0 = Debug|Any CPU
		{B3C1997D-0D6E-44B1-8DF1-77FF1AC3927B}.Release|Any CPU.ActiveCfg = Release|Any CPU
		{B3C1997D-0D6E-44B1-8DF1-77FF1AC3927B}.Release|Any CPU.Build.0 = Release|Any CPU
		{A9D568BF-6014-4A37-BBC0-F44BB3F60E69}.Debug|Any CPU.ActiveCfg = Debug|Any CPU
		{A9D568BF-6014-4A37-BBC0-F44BB3F60E69}.Debug|Any CPU.Build.0 = Debug|Any CPU
		{A9D568BF-6014-4A37-BBC0-F44BB3F60E69}.Release|Any CPU.ActiveCfg = Release|Any CPU
		{A9D568BF-6014-4A37-BBC0-F44BB3F60E69}.Release|Any CPU.Build.0 = Release|Any CPU
	EndGlobalSection
	GlobalSection(SolutionProperties) = preSolution
		HideSolutionNode = FALSE
	EndGlobalSection
	GlobalSection(ExtensibilityGlobals) = postSolution
		SolutionGuid = {5FD9EF6A-CB94-4A8E-AC2F-213CC52FEAC9}
	EndGlobalSection
EndGlobal
